PODS:
  - Flutter (1.0.0)
  - flutter_nekoton_bridge (0.0.1)
  - integration_test (0.0.1):
    - Flutter

DEPENDENCIES:
  - Flutter (from `Flutter`)
  - flutter_nekoton_bridge (from `.symlinks/plugins/flutter_nekoton_bridge/ios`)
  - integration_test (from `.symlinks/plugins/integration_test/ios`)

EXTERNAL SOURCES:
  Flutter:
    :path: Flutter
  flutter_nekoton_bridge:
    :path: ".symlinks/plugins/flutter_nekoton_bridge/ios"
  integration_test:
    :path: ".symlinks/plugins/integration_test/ios"

SPEC CHECKSUMS:
  Flutter: e0871f40cf51350855a761d2e70bf5af5b9b5de7
  flutter_nekoton_bridge: 3e8ef503fb2aa28bb5514489c7baaf80e06dffb4
  integration_test: 252f60fa39af5e17c3aa9899d35d908a0721b573

PODFILE CHECKSUM: c4c93c5f6502fe2754f48404d3594bf779584011

COCOAPODS: 1.15.2
