PODS:
  - flutter_nekoton_bridge (0.0.1)
  - FlutterMacOS (1.0.0)

DEPENDENCIES:
  - flutter_nekoton_bridge (from `Flutter/ephemeral/.symlinks/plugins/flutter_nekoton_bridge/macos`)
  - FlutterMacOS (from `Flutter/ephemeral`)

EXTERNAL SOURCES:
  flutter_nekoton_bridge:
    :path: Flutter/ephemeral/.symlinks/plugins/flutter_nekoton_bridge/macos
  FlutterMacOS:
    :path: Flutter/ephemeral

SPEC CHECKSUMS:
  flutter_nekoton_bridge: 5e0e7f823813be0f1199383f46e0fe44c3ea9be5
  FlutterMacOS: 8f6f14fa908a6fb3fba0cd85dbd81ec4b251fb24

PODFILE CHECKSUM: 353c8bcc5d5b0994e508d035b5431cfe18c1dea7

COCOAPODS: 1.11.3
